
Microsoft Visual Studio Solution File, Format Version 12.00
# Visual Studio Version 17
VisualStudioVersion = 17.8.34511.84
MinimumVisualStudioVersion = 10.0.40219.1
Project("{9A19103F-16F7-4668-BE54-9A1E7A4F7556}") = "Cabcast.API", "Cabcast.API\Cabcast.API.csproj", "{C5E646CA-DB51-49C0-A108-9BC36714A541}"
EndProject
Project("{9A19103F-16F7-4668-BE54-9A1E7A4F7556}") = "Cabcast.Core", "Cabcast.Core\Cabcast.Core.csproj", "{1B33BAC1-9CD2-4E42-B747-420F8C4D328F}"
EndProject
Global
	GlobalSection(SolutionConfigurationPlatforms) = preSolution
		Debug|Any CPU = Debug|Any CPU
		Release|Any CPU = Release|Any CPU
	EndGlobalSection
	GlobalSection(ProjectConfigurationPlatforms) = postSolution
		{C5E646CA-DB51-49C0-A108-9BC36714A541}.Debug|Any CPU.ActiveCfg = Debug|Any CPU
		{C5E646CA-DB51-49C0-A108-9BC36714A541}.Debug|Any CPU.Build.0 = Debug|Any CPU
		{C5E646CA-DB51-49C0-A108-9BC36714A541}.Release|Any CPU.ActiveCfg = Release|Any CPU
		{C5E646CA-DB51-49C0-A108-9BC36714A541}.Release|Any CPU.Build.0 = Release|Any CPU
		{1B33BAC1-9CD2-4E42-B747-420F8C4D328F}.Debug|Any CPU.ActiveCfg = Debug|Any CPU
		{1B33BAC1-9CD2-4E42-B747-420F8C4D328F}.Debug|Any CPU.Build.0 = Debug|Any CPU
		{1B33BAC1-9CD2-4E42-B747-420F8C4D328F}.Release|Any CPU.ActiveCfg = Release|Any CPU
		{1B33BAC1-9CD2-4E42-B747-420F8C4D328F}.Release|Any CPU.Build.0 = Release|Any CPU
	EndGlobalSection
	GlobalSection(SolutionProperties) = preSolution
		HideSolutionNode = FALSE
	EndGlobalSection
	GlobalSection(ExtensibilityGlobals) = postSolution
		SolutionGuid = {1F305C42-57FC-4E46-BC7A-4E10B0EA69DF}
	EndGlobalSection
EndGlobal
